// !$*UTF8*$!
{
	archiveVersion = 1;
	classes = {
	};
	objectVersion = 56;
	objects = {

/* Begin PBXBuildFile section */
		7A74A7DC294B0895004735EA /* AppDelegate.swift in Sources */ = {isa = PBXBuildFile; fileRef = 7A74A7DB294B0895004735EA /* AppDelegate.swift */; };
		7A74A7DE294B0895004735EA /* SceneDelegate.swift in Sources */ = {isa = PBXBuildFile; fileRef = 7A74A7DD294B0895004735EA /* SceneDelegate.swift */; };
		7A74A7E0294B0895004735EA /* ViewController.swift in Sources */ = {isa = PBXBuildFile; fileRef = 7A74A7DF294B0895004735EA /* ViewController.swift */; };
		7A74A7E3294B0895004735EA /* Main.storyboard in Resources */ = {isa = PBXBuildFile; fileRef = 7A74A7E1294B0895004735EA /* Main.storyboard */; };
		7A74A7E6294B0895004735EA /* stockList.xcdatamodeld in Sources */ = {isa = PBXBuildFile; fileRef = 7A74A7E4294B0895004735EA /* stockList.xcdatamodeld */; };
		7A74A7E8294B0896004735EA /* Assets.xcassets in Resources */ = {isa = PBXBuildFile; fileRef = 7A74A7E7294B0896004735EA /* Assets.xcassets */; };
		7A74A7EB294B0896004735EA /* LaunchScreen.storyboard in Resources */ = {isa = PBXBuildFile; fileRef = 7A74A7E9294B0896004735EA /* LaunchScreen.storyboard */; };
		7A74A7F6294B0896004735EA /* stockListTests.swift in Sources */ = {isa = PBXBuildFile; fileRef = 7A74A7F5294B0896004735EA /* stockListTests.swift */; };
		7A74A800294B0896004735EA /* stockListUITests.swift in Sources */ = {isa = PBXBuildFile; fileRef = 7A74A7FF294B0896004735EA /* stockListUITests.swift */; };
		7A74A802294B0896004735EA /* stockListUITestsLaunchTests.swift in Sources */ = {isa = PBXBuildFile; fileRef = 7A74A801294B0896004735EA /* stockListUITestsLaunchTests.swift */; };
/* End PBXBuildFile section */

/* Begin PBXContainerItemProxy section */
		7A74A7F2294B0896004735EA /* PBXContainerItemProxy */ = {
			isa = PBXContainerItemProxy;
			containerPortal = 7A74A7D0294B0895004735EA /* Project object */;
			proxyType = 1;
			remoteGlobalIDString = 7A74A7D7294B0895004735EA;
			remoteInfo = stockList;
		};
		7A74A7FC294B0896004735EA /* PBXContainerItemProxy */ = {
			isa = PBXContainerItemProxy;
			containerPortal = 7A74A7D0294B0895004735EA /* Project object */;
			proxyType = 1;
			remoteGlobalIDString = 7A74A7D7294B0895004735EA;
			remoteInfo = stockList;
		};
/* End PBXContainerItemProxy section */

/* Begin PBXFileReference section */
		7A74A7D8294B0895004735EA /* stockList.app */ = {isa = PBXFileReference; explicitFileType = wrapper.application; includeInIndex = 0; path = stockList.app; sourceTree = BUILT_PRODUCTS_DIR; };
		7A74A7DB294B0895004735EA /* AppDelegate.swift */ = {isa = PBXFileReference; lastKnownFileType = sourcecode.swift; path = AppDelegate.swift; sourceTree = "<group>"; };
		7A74A7DD294B0895004735EA /* SceneDelegate.swift */ = {isa = PBXFileReference; lastKnownFileType = sourcecode.swift; path = SceneDelegate.swift; sourceTree = "<group>"; };
		7A74A7DF294B0895004735EA /* ViewController.swift */ = {isa = PBXFileReference; lastKnownFileType = sourcecode.swift; path = ViewController.swift; sourceTree = "<group>"; };
		7A74A7E2294B0895004735EA /* Base */ = {isa = PBXFileReference; lastKnownFileType = file.storyboard; name = Base; path = Base.lproj/Main.storyboard; sourceTree = "<group>"; };
		7A74A7E5294B0895004735EA /* stockList.xcdatamodel */ = {isa = PBXFileReference; lastKnownFileType = wrapper.xcdatamodel; path = stockList.xcdatamodel; sourceTree = "<group>"; };
		7A74A7E7294B0896004735EA /* Assets.xcassets */ = {isa = PBXFileReference; lastKnownFileType = folder.assetcatalog; path = Assets.xcassets; sourceTree = "<group>"; };
		7A74A7EA294B0896004735EA /* Base */ = {isa = PBXFileReference; lastKnownFileType = file.storyboard; name = Base; path = Base.lproj/LaunchScreen.storyboard; sourceTree = "<group>"; };
		7A74A7EC294B0896004735EA /* Info.plist */ = {isa = PBXFileReference; lastKnownFileType = text.plist.xml; path = Info.plist; sourceTree = "<group>"; };
		7A74A7F1294B0896004735EA /* stockListTests.xctest */ = {isa = PBXFileReference; explicitFileType = wrapper.cfbundle; includeInIndex = 0; path = stockListTests.xctest; sourceTree = BUILT_PRODUCTS_DIR; };
		7A74A7F5294B0896004735EA /* stockListTests.swift */ = {isa = PBXFileReference; lastKnownFileType = sourcecode.swift; path = stockListTests.swift; sourceTree = "<group>"; };
		7A74A7FB294B0896004735EA /* stockListUITests.xctest */ = {isa = PBXFileReference; explicitFileType = wrapper.cfbundle; includeInIndex = 0; path = stockListUITests.xctest; sourceTree = BUILT_PRODUCTS_DIR; };
		7A74A7FF294B0896004735EA /* stockListUITests.swift */ = {isa = PBXFileReference; lastKnownFileType = sourcecode.swift; path = stockListUITests.swift; sourceTree = "<group>"; };
		7A74A801294B0896004735EA /* stockListUITestsLaunchTests.swift */ = {isa = PBXFileReference; lastKnownFileType = sourcecode.swift; path = stockListUITestsLaunchTests.swift; sourceTree = "<group>"; };
/* End PBXFileReference section */

/* Begin PBXFrameworksBuildPhase section */
		7A74A7D5294B0895004735EA /* Frameworks */ = {
			isa = PBXFrameworksBuildPhase;
			buildActionMask = 2147483647;
			files = (
			);
			runOnlyForDeploymentPostprocessing = 0;
		};
		7A74A7EE294B0896004735EA /* Frameworks */ = {
			isa = PBXFrameworksBuildPhase;
			buildActionMask = 2147483647;
			files = (
			);
			runOnlyForDeploymentPostprocessing = 0;
		};
		7A74A7F8294B0896004735EA /* Frameworks */ = {
			isa = PBXFrameworksBuildPhase;
			buildActionMask = 2147483647;
			files = (
			);
			runOnlyForDeploymentPostprocessing = 0;
		};
/* End PBXFrameworksBuildPhase section */

/* Begin PBXGroup section */
		7A74A7CF294B0895004735EA = {
			isa = PBXGroup;
			children = (
				7A74A7DA294B0895004735EA /* stockList */,
				7A74A7F4294B0896004735EA /* stockListTests */,
				7A74A7FE294B0896004735EA /* stockListUITests */,
				7A74A7D9294B0895004735EA /* Products */,
			);
			sourceTree = "<group>";
		};
		7A74A7D9294B0895004735EA /* Products */ = {
			isa = PBXGroup;
			children = (
				7A74A7D8294B0895004735EA /* stockList.app */,
				7A74A7F1294B0896004735EA /* stockListTests.xctest */,
				7A74A7FB294B0896004735EA /* stockListUITests.xctest */,
			);
			name = Products;
			sourceTree = "<group>";
		};
		7A74A7DA294B0895004735EA /* stockList */ = {
			isa = PBXGroup;
			children = (
				7A74A7DB294B0895004735EA /* AppDelegate.swift */,
				7A74A7DD294B0895004735EA /* SceneDelegate.swift */,
				7A74A7DF294B0895004735EA /* ViewController.swift */,
				7A74A7E1294B0895004735EA /* Main.storyboard */,
				7A74A7E7294B0896004735EA /* Assets.xcassets */,
				7A74A7E9294B0896004735EA /* LaunchScreen.storyboard */,
				7A74A7EC294B0896004735EA /* Info.plist */,
				7A74A7E4294B0895004735EA /* stockList.xcdatamodeld */,
			);
			path = stockList;
			sourceTree = "<group>";
		};
		7A74A7F4294B0896004735EA /* stockListTests */ = {
			isa = PBXGroup;
			children = (
				7A74A7F5294B0896004735EA /* stockListTests.swift */,
			);
			path = stockListTests;
			sourceTree = "<group>";
		};
		7A74A7FE294B0896004735EA /* stockListUITests */ = {
			isa = PBXGroup;
			children = (
				7A74A7FF294B0896004735EA /* stockListUITests.swift */,
				7A74A801294B0896004735EA /* stockListUITestsLaunchTests.swift */,
			);
			path = stockListUITests;
			sourceTree = "<group>";
		};
/* End PBXGroup section */

/* Begin PBXNativeTarget section */
		7A74A7D7294B0895004735EA /* stockList */ = {
			isa = PBXNativeTarget;
			buildConfigurationList = 7A74A805294B0896004735EA /* Build configuration list for PBXNativeTarget "stockList" */;
			buildPhases = (
				7A74A7D4294B0895004735EA /* Sources */,
				7A74A7D5294B0895004735EA /* Frameworks */,
				7A74A7D6294B0895004735EA /* Resources */,
			);
			buildRules = (
			);
			dependencies = (
			);
			name = stockList;
			productName = stockList;
			productReference = 7A74A7D8294B0895004735EA /* stockList.app */;
			productType = "com.apple.product-type.application";
		};
		7A74A7F0294B0896004735EA /* stockListTests */ = {
			isa = PBXNativeTarget;
			buildConfigurationList = 7A74A808294B0896004735EA /* Build configuration list for PBXNativeTarget "stockListTests" */;
			buildPhases = (
				7A74A7ED294B0896004735EA /* Sources */,
				7A74A7EE294B0896004735EA /* Frameworks */,
				7A74A7EF294B0896004735EA /* Resources */,
			);
			buildRules = (
			);
			dependencies = (
				7A74A7F3294B0896004735EA /* PBXTargetDependency */,
			);
			name = stockListTests;
			productName = stockListTests;
			productReference = 7A74A7F1294B0896004735EA /* stockListTests.xctest */;
			productType = "com.apple.product-type.bundle.unit-test";
		};
		7A74A7FA294B0896004735EA /* stockListUITests */ = {
			isa = PBXNativeTarget;
			buildConfigurationList = 7A74A80B294B0896004735EA /* Build configuration list for PBXNativeTarget "stockListUITests" */;
			buildPhases = (
				7A74A7F7294B0896004735EA /* Sources */,
				7A74A7F8294B0896004735EA /* Frameworks */,
				7A74A7F9294B0896004735EA /* Resources */,
			);
			buildRules = (
			);
			dependencies = (
				7A74A7FD294B0896004735EA /* PBXTargetDependency */,
			);
			name = stockListUITests;
			productName = stockListUITests;
			productReference = 7A74A7FB294B0896004735EA /* stockListUITests.xctest */;
			productType = "com.apple.product-type.bundle.ui-testing";
		};
/* End PBXNativeTarget section */

/* Begin PBXProject section */
		7A74A7D0294B0895004735EA /* Project object */ = {
			isa = PBXProject;
			attributes = {
				BuildIndependentTargetsInParallel = 1;
				LastSwiftUpdateCheck = 1410;
				LastUpgradeCheck = 1410;
				TargetAttributes = {
					7A74A7D7294B0895004735EA = {
						CreatedOnToolsVersion = 14.1;
					};
					7A74A7F0294B0896004735EA = {
						CreatedOnToolsVersion = 14.1;
						TestTargetID = 7A74A7D7294B0895004735EA;
					};
					7A74A7FA294B0896004735EA = {
						CreatedOnToolsVersion = 14.1;
						TestTargetID = 7A74A7D7294B0895004735EA;
					};
				};
			};
			buildConfigurationList = 7A74A7D3294B0895004735EA /* Build configuration list for PBXProject "stockList" */;
			compatibilityVersion = "Xcode 14.0";
			developmentRegion = en;
			hasScannedForEncodings = 0;
			knownRegions = (
				en,
				Base,
			);
			mainGroup = 7A74A7CF294B0895004735EA;
			productRefGroup = 7A74A7D9294B0895004735EA /* Products */;
			projectDirPath = "";
			projectRoot = "";
			targets = (
				7A74A7D7294B0895004735EA /* stockList */,
				7A74A7F0294B0896004735EA /* stockListTests */,
				7A74A7FA294B0896004735EA /* stockListUITests */,
			);
		};
/* End PBXProject section */

/* Begin PBXResourcesBuildPhase section */
		7A74A7D6294B0895004735EA /* Resources */ = {
			isa = PBXResourcesBuildPhase;
			buildActionMask = 2147483647;
			files = (
				7A74A7EB294B0896004735EA /* LaunchScreen.storyboard in Resources */,
				7A74A7E8294B0896004735EA /* Assets.xcassets in Resources */,
				7A74A7E3294B0895004735EA /* Main.storyboard in Resources */,
			);
			runOnlyForDeploymentPostprocessing = 0;
		};
		7A74A7EF294B0896004735EA /* Resources */ = {
			isa = PBXResourcesBuildPhase;
			buildActionMask = 2147483647;
			files = (
			);
			runOnlyForDeploymentPostprocessing = 0;
		};
		7A74A7F9294B0896004735EA /* Resources */ = {
			isa = PBXResourcesBuildPhase;
			buildActionMask = 2147483647;
			files = (
			);
			runOnlyForDeploymentPostprocessing = 0;
		};
/* End PBXResourcesBuildPhase section */

/* Begin PBXSourcesBuildPhase section */
		7A74A7D4294B0895004735EA /* Sources */ = {
			isa = PBXSourcesBuildPhase;
			buildActionMask = 2147483647;
			files = (
				7A74A7E0294B0895004735EA /* ViewController.swift in Sources */,
				7A74A7DC294B0895004735EA /* AppDelegate.swift in Sources */,
				7A74A7E6294B0895004735EA /* stockList.xcdatamodeld in Sources */,
				7A74A7DE294B0895004735EA /* SceneDelegate.swift in Sources */,
			);
			runOnlyForDeploymentPostprocessing = 0;
		};
		7A74A7ED294B0896004735EA /* Sources */ = {
			isa = PBXSourcesBuildPhase;
			buildActionMask = 2147483647;
			files = (
				7A74A7F6294B0896004735EA /* stockListTests.swift in Sources */,
			);
			runOnlyForDeploymentPostprocessing = 0;
		};
		7A74A7F7294B0896004735EA /* Sources */ = {
			isa = PBXSourcesBuildPhase;
			buildActionMask = 2147483647;
			files = (
				7A74A800294B0896004735EA /* stockListUITests.swift in Sources */,
				7A74A802294B0896004735EA /* stockListUITestsLaunchTests.swift in Sources */,
			);
			runOnlyForDeploymentPostprocessing = 0;
		};
/* End PBXSourcesBuildPhase section */

/* Begin PBXTargetDependency section */
		7A74A7F3294B0896004735EA /* PBXTargetDependency */ = {
			isa = PBXTargetDependency;
			target = 7A74A7D7294B0895004735EA /* stockList */;
			targetProxy = 7A74A7F2294B0896004735EA /* PBXContainerItemProxy */;
		};
		7A74A7FD294B0896004735EA /* PBXTargetDependency */ = {
			isa = PBXTargetDependency;
			target = 7A74A7D7294B0895004735EA /* stockList */;
			targetProxy = 7A74A7FC294B0896004735EA /* PBXContainerItemProxy */;
		};
/* End PBXTargetDependency section */

/* Begin PBXVariantGroup section */
		7A74A7E1294B0895004735EA /* Main.storyboard */ = {
			isa = PBXVariantGroup;
			children = (
				7A74A7E2294B0895004735EA /* Base */,
			);
			name = Main.storyboard;
			sourceTree = "<group>";
		};
		7A74A7E9294B0896004735EA /* LaunchScreen.storyboard */ = {
			isa = PBXVariantGroup;
			children = (
				7A74A7EA294B0896004735EA /* Base */,
			);
			name = LaunchScreen.storyboard;
			sourceTree = "<group>";
		};
/* End PBXVariantGroup section */

/* Begin XCBuildConfiguration section */
		7A74A803294B0896004735EA /* Debug */ = {
			isa = XCBuildConfiguration;
			buildSettings = {
				ALWAYS_SEARCH_USER_PATHS = NO;
				CLANG_ANALYZER_NONNULL = YES;
				CLANG_ANALYZER_NUMBER_OBJECT_CONVERSION = YES_AGGRESSIVE;
				CLANG_CXX_LANGUAGE_STANDARD = "gnu++20";
				CLANG_ENABLE_MODULES = YES;
				CLANG_ENABLE_OBJC_ARC = YES;
				CLANG_ENABLE_OBJC_WEAK = YES;
				CLANG_WARN_BLOCK_CAPTURE_AUTORELEASING = YES;
				CLANG_WARN_BOOL_CONVERSION = YES;
				CLANG_WARN_COMMA = YES;
				CLANG_WARN_CONSTANT_CONVERSION = YES;
				CLANG_WARN_DEPRECATED_OBJC_IMPLEMENTATIONS = YES;
				CLANG_WARN_DIRECT_OBJC_ISA_USAGE = YES_ERROR;
				CLANG_WARN_DOCUMENTATION_COMMENTS = YES;
				CLANG_WARN_EMPTY_BODY = YES;
				CLANG_WARN_ENUM_CONVERSION = YES;
				CLANG_WARN_INFINITE_RECURSION = YES;
				CLANG_WARN_INT_CONVERSION = YES;
				CLANG_WARN_NON_LITERAL_NULL_CONVERSION = YES;
				CLANG_WARN_OBJC_IMPLICIT_RETAIN_SELF = YES;
				CLANG_WARN_OBJC_LITERAL_CONVERSION = YES;
				CLANG_WARN_OBJC_ROOT_CLASS = YES_ERROR;
				CLANG_WARN_QUOTED_INCLUDE_IN_FRAMEWORK_HEADER = YES;
				CLANG_WARN_RANGE_LOOP_ANALYSIS = YES;
				CLANG_WARN_STRICT_PROTOTYPES = YES;
				CLANG_WARN_SUSPICIOUS_MOVE = YES;
				CLANG_WARN_UNGUARDED_AVAILABILITY = YES_AGGRESSIVE;
				CLANG_WARN_UNREACHABLE_CODE = YES;
				CLANG_WARN__DUPLICATE_METHOD_MATCH = YES;
				COPY_PHASE_STRIP = NO;
				DEBUG_INFORMATION_FORMAT = dwarf;
				ENABLE_STRICT_OBJC_MSGSEND = YES;
				ENABLE_TESTABILITY = YES;
				GCC_C_LANGUAGE_STANDARD = gnu11;
				GCC_DYNAMIC_NO_PIC = NO;
				GCC_NO_COMMON_BLOCKS = YES;
				GCC_OPTIMIZATION_LEVEL = 0;
				GCC_PREPROCESSOR_DEFINITIONS = (
					"DEBUG=1",
					"$(inherited)",
				);
				GCC_WARN_64_TO_32_BIT_CONVERSION = YES;
				GCC_WARN_ABOUT_RETURN_TYPE = YES_ERROR;
				GCC_WARN_UNDECLARED_SELECTOR = YES;
				GCC_WARN_UNINITIALIZED_AUTOS = YES_AGGRESSIVE;
				GCC_WARN_UNUSED_FUNCTION = YES;
				GCC_WARN_UNUSED_VARIABLE = YES;
				IPHONEOS_DEPLOYMENT_TARGET = 16.1;
				MTL_ENABLE_DEBUG_INFO = INCLUDE_SOURCE;
				MTL_FAST_MATH = YES;
				ONLY_ACTIVE_ARCH = YES;
				SDKROOT = iphoneos;
				SWIFT_ACTIVE_COMPILATION_CONDITIONS = DEBUG;
				SWIFT_OPTIMIZATION_LEVEL = "-Onone";
			};
			name = Debug;
		};
		7A74A804294B0896004735EA /* Release */ = {
			isa = XCBuildConfiguration;
			buildSettings = {
				ALWAYS_SEARCH_USER_PATHS = NO;
				CLANG_ANALYZER_NONNULL = YES;
				CLANG_ANALYZER_NUMBER_OBJECT_CONVERSION = YES_AGGRESSIVE;
				CLANG_CXX_LANGUAGE_STANDARD = "gnu++20";
				CLANG_ENABLE_MODULES = YES;
				CLANG_ENABLE_OBJC_ARC = YES;
				CLANG_ENABLE_OBJC_WEAK = YES;
				CLANG_WARN_BLOCK_CAPTURE_AUTORELEASING = YES;
				CLANG_WARN_BOOL_CONVERSION = YES;
				CLANG_WARN_COMMA = YES;
				CLANG_WARN_CONSTANT_CONVERSION = YES;
				CLANG_WARN_DEPRECATED_OBJC_IMPLEMENTATIONS = YES;
				CLANG_WARN_DIRECT_OBJC_ISA_USAGE = YES_ERROR;
				CLANG_WARN_DOCUMENTATION_COMMENTS = YES;
				CLANG_WARN_EMPTY_BODY = YES;
				CLANG_WARN_ENUM_CONVERSION = YES;
				CLANG_WARN_INFINITE_RECURSION = YES;
				CLANG_WARN_INT_CONVERSION = YES;
				CLANG_WARN_NON_LITERAL_NULL_CONVERSION = YES;
				CLANG_WARN_OBJC_IMPLICIT_RETAIN_SELF = YES;
				CLANG_WARN_OBJC_LITERAL_CONVERSION = YES;
				CLANG_WARN_OBJC_ROOT_CLASS = YES_ERROR;
				CLANG_WARN_QUOTED_INCLUDE_IN_FRAMEWORK_HEADER = YES;
				CLANG_WARN_RANGE_LOOP_ANALYSIS = YES;
				CLANG_WARN_STRICT_PROTOTYPES = YES;
				CLANG_WARN_SUSPICIOUS_MOVE = YES;
				CLANG_WARN_UNGUARDED_AVAILABILITY = YES_AGGRESSIVE;
				CLANG_WARN_UNREACHABLE_CODE = YES;
				CLANG_WARN__DUPLICATE_METHOD_MATCH = YES;
				COPY_PHASE_STRIP = NO;
				DEBUG_INFORMATION_FORMAT = "dwarf-with-dsym";
				ENABLE_NS_ASSERTIONS = NO;
				ENABLE_STRICT_OBJC_MSGSEND = YES;
				GCC_C_LANGUAGE_STANDARD = gnu11;
				GCC_NO_COMMON_BLOCKS = YES;
				GCC_WARN_64_TO_32_BIT_CONVERSION = YES;
				GCC_WARN_ABOUT_RETURN_TYPE = YES_ERROR;
				GCC_WARN_UNDECLARED_SELECTOR = YES;
				GCC_WARN_UNINITIALIZED_AUTOS = YES_AGGRESSIVE;
				GCC_WARN_UNUSED_FUNCTION = YES;
				GCC_WARN_UNUSED_VARIABLE = YES;
				IPHONEOS_DEPLOYMENT_TARGET = 16.1;
				MTL_ENABLE_DEBUG_INFO = NO;
				MTL_FAST_MATH = YES;
				SDKROOT = iphoneos;
				SWIFT_COMPILATION_MODE = wholemodule;
				SWIFT_OPTIMIZATION_LEVEL = "-O";
				VALIDATE_PRODUCT = YES;
			};
			name = Release;
		};
		7A74A806294B0896004735EA /* Debug */ = {
			isa = XCBuildConfiguration;
			buildSettings = {
				ASSETCATALOG_COMPILER_APPICON_NAME = AppIcon;
				ASSETCATALOG_COMPILER_GLOBAL_ACCENT_COLOR_NAME = AccentColor;
				CODE_SIGN_STYLE = Automatic;
				CURRENT_PROJECT_VERSION = 1;
				DEVELOPMENT_TEAM = 9VKNF78UU4;
				GENERATE_INFOPLIST_FILE = YES;
				INFOPLIST_FILE = stockList/Info.plist;
				INFOPLIST_KEY_UIApplicationSupportsIndirectInputEvents = YES;
				INFOPLIST_KEY_UILaunchStoryboardName = LaunchScreen;
				INFOPLIST_KEY_UIMainStoryboardFile = Main;
				INFOPLIST_KEY_UISupportedInterfaceOrientations_iPad = "UIInterfaceOrientationPortrait UIInterfaceOrientationPortraitUpsideDown UIInterfaceOrientationLandscapeLeft UIInterfaceOrientationLandscapeRight";
				INFOPLIST_KEY_UISupportedInterfaceOrientations_iPhone = "UIInterfaceOrientationPortrait UIInterfaceOrientationLandscapeLeft UIInterfaceOrientationLandscapeRight";
				LD_RUNPATH_SEARCH_PATHS = (
					"$(inherited)",
					"@executable_path/Frameworks",
				);
				MARKETING_VERSION = 1.0;
				PRODUCT_BUNDLE_IDENTIFIER = com.chaein.stockList;
				PRODUCT_NAME = "$(TARGET_NAME)";
				SWIFT_EMIT_LOC_STRINGS = YES;
				SWIFT_VERSION = 5.0;
				TARGETED_DEVICE_FAMILY = "1,2";
			};
			name = Debug;
		};
		7A74A807294B0896004735EA /* Release */ = {
			isa = XCBuildConfiguration;
			buildSettings = {
				ASSETCATALOG_COMPILER_APPICON_NAME = AppIcon;
				ASSETCATALOG_COMPILER_GLOBAL_ACCENT_COLOR_NAME = AccentColor;
				CODE_SIGN_STYLE = Automatic;
				CURRENT_PROJECT_VERSION = 1;
				DEVELOPMENT_TEAM = 9VKNF78UU4;
				GENERATE_INFOPLIST_FILE = YES;
				INFOPLIST_FILE = stockList/Info.plist;
				INFOPLIST_KEY_UIApplicationSupportsIndirectInputEvents = YES;
				INFOPLIST_KEY_UILaunchStoryboardName = LaunchScreen;
				INFOPLIST_KEY_UIMainStoryboardFile = Main;
				INFOPLIST_KEY_UISupportedInterfaceOrientations_iPad = "UIInterfaceOrientationPortrait UIInterfaceOrientationPortraitUpsideDown UIInterfaceOrientationLandscapeLeft UIInterfaceOrientationLandscapeRight";
				INFOPLIST_KEY_UISupportedInterfaceOrientations_iPhone = "UIInterfaceOrientationPortrait UIInterfaceOrientationLandscapeLeft UIInterfaceOrientationLandscapeRight";
				LD_RUNPATH_SEARCH_PATHS = (
					"$(inherited)",
					"@executable_path/Frameworks",
				);
				MARKETING_VERSION = 1.0;
				PRODUCT_BUNDLE_IDENTIFIER = com.chaein.stockList;
				PRODUCT_NAME = "$(TARGET_NAME)";
				SWIFT_EMIT_LOC_STRINGS = YES;
				SWIFT_VERSION = 5.0;
				TARGETED_DEVICE_FAMILY = "1,2";
			};
			name = Release;
		};
		7A74A809294B0896004735EA /* Debug */ = {
			isa = XCBuildConfiguration;
			buildSettings = {
				ALWAYS_EMBED_SWIFT_STANDARD_LIBRARIES = YES;
				BUNDLE_LOADER = "$(TEST_HOST)";
				CODE_SIGN_STYLE = Automatic;
				CURRENT_PROJECT_VERSION = 1;
				DEVELOPMENT_TEAM = 9VKNF78UU4;
				GENERATE_INFOPLIST_FILE = YES;
				IPHONEOS_DEPLOYMENT_TARGET = 16.1;
				MARKETING_VERSION = 1.0;
				PRODUCT_BUNDLE_IDENTIFIER = com.chaein.stockListTests;
				PRODUCT_NAME = "$(TARGET_NAME)";
				SWIFT_EMIT_LOC_STRINGS = NO;
				SWIFT_VERSION = 5.0;
				TARGETED_DEVICE_FAMILY = "1,2";
				TEST_HOST = "$(BUILT_PRODUCTS_DIR)/stockList.app/$(BUNDLE_EXECUTABLE_FOLDER_PATH)/stockList";
			};
			name = Debug;
		};
		7A74A80A294B0896004735EA /* Release */ = {
			isa = XCBuildConfiguration;
			buildSettings = {
				ALWAYS_EMBED_SWIFT_STANDARD_LIBRARIES = YES;
				BUNDLE_LOADER = "$(TEST_HOST)";
				CODE_SIGN_STYLE = Automatic;
				CURRENT_PROJECT_VERSION = 1;
				DEVELOPMENT_TEAM = 9VKNF78UU4;
				GENERATE_INFOPLIST_FILE = YES;
				IPHONEOS_DEPLOYMENT_TARGET = 16.1;
				MARKETING_VERSION = 1.0;
				PRODUCT_BUNDLE_IDENTIFIER = com.chaein.stockListTests;
				PRODUCT_NAME = "$(TARGET_NAME)";
				SWIFT_EMIT_LOC_STRINGS = NO;
				SWIFT_VERSION = 5.0;
				TARGETED_DEVICE_FAMILY = "1,2";
				TEST_HOST = "$(BUILT_PRODUCTS_DIR)/stockList.app/$(BUNDLE_EXECUTABLE_FOLDER_PATH)/stockList";
			};
			name = Release;
		};
		7A74A80C294B0896004735EA /* Debug */ = {
			isa = XCBuildConfiguration;
			buildSettings = {
				ALWAYS_EMBED_SWIFT_STANDARD_LIBRARIES = YES;
				CODE_SIGN_STYLE = Automatic;
				CURRENT_PROJECT_VERSION = 1;
				DEVELOPMENT_TEAM = 9VKNF78UU4;
				GENERATE_INFOPLIST_FILE = YES;
				MARKETING_VERSION = 1.0;
				PRODUCT_BUNDLE_IDENTIFIER = com.chaein.stockListUITests;
				PRODUCT_NAME = "$(TARGET_NAME)";
				SWIFT_EMIT_LOC_STRINGS = NO;
				SWIFT_VERSION = 5.0;
				TARGETED_DEVICE_FAMILY = "1,2";
				TEST_TARGET_NAME = stockList;
			};
			name = Debug;
		};
		7A74A80D294B0896004735EA /* Release */ = {
			isa = XCBuildConfiguration;
			buildSettings = {
				ALWAYS_EMBED_SWIFT_STANDARD_LIBRARIES = YES;
				CODE_SIGN_STYLE = Automatic;
				CURRENT_PROJECT_VERSION = 1;
				DEVELOPMENT_TEAM = 9VKNF78UU4;
				GENERATE_INFOPLIST_FILE = YES;
				MARKETING_VERSION = 1.0;
				PRODUCT_BUNDLE_IDENTIFIER = com.chaein.stockListUITests;
				PRODUCT_NAME = "$(TARGET_NAME)";
				SWIFT_EMIT_LOC_STRINGS = NO;
				SWIFT_VERSION = 5.0;
				TARGETED_DEVICE_FAMILY = "1,2";
				TEST_TARGET_NAME = stockList;
			};
			name = Release;
		};
/* End XCBuildConfiguration section */

/* Begin XCConfigurationList section */
		7A74A7D3294B0895004735EA /* Build configuration list for PBXProject "stockList" */ = {
			isa = XCConfigurationList;
			buildConfigurations = (
				7A74A803294B0896004735EA /* Debug */,
				7A74A804294B0896004735EA /* Release */,
			);
			defaultConfigurationIsVisible = 0;
			defaultConfigurationName = Release;
		};
		7A74A805294B0896004735EA /* Build configuration list for PBXNativeTarget "stockList" */ = {
			isa = XCConfigurationList;
			buildConfigurations = (
				7A74A806294B0896004735EA /* Debug */,
				7A74A807294B0896004735EA /* Release */,
			);
			defaultConfigurationIsVisible = 0;
			defaultConfigurationName = Release;
		};
		7A74A808294B0896004735EA /* Build configuration list for PBXNativeTarget "stockListTests" */ = {
			isa = XCConfigurationList;
			buildConfigurations = (
				7A74A809294B0896004735EA /* Debug */,
				7A74A80A294B0896004735EA /* Release */,
			);
			defaultConfigurationIsVisible = 0;
			defaultConfigurationName = Release;
		};
		7A74A80B294B0896004735EA /* Build configuration list for PBXNativeTarget "stockListUITests" */ = {
			isa = XCConfigurationList;
			buildConfigurations = (
				7A74A80C294B0896004735EA /* Debug */,
				7A74A80D294B0896004735EA /* Release */,
			);
			defaultConfigurationIsVisible = 0;
			defaultConfigurationName = Release;
		};
/* End XCConfigurationList section */

/* Begin XCVersionGroup section */
		7A74A7E4294B0895004735EA /* stockList.xcdatamodeld */ = {
			isa = XCVersionGroup;
			children = (
				7A74A7E5294B0895004735EA /* stockList.xcdatamodel */,
			);
			currentVersion = 7A74A7E5294B0895004735EA /* stockList.xcdatamodel */;
			path = stockList.xcdatamodeld;
			sourceTree = "<group>";
			versionGroupType = wrapper.xcdatamodel;
		};
/* End XCVersionGroup section */
	};
	rootObject = 7A74A7D0294B0895004735EA /* Project object */;
}
